
Microsoft Visual Studio Solution File, Format Version 12.00
# Visual Studio 15
VisualStudioVersion = 15.0.26124.0
MinimumVisualStudioVersion = 15.0.26124.0
Project("{9A19103F-16F7-4668-BE54-9A1E7A4F7556}") = "R5T.Canterbury.Default.Construction", "R5T.Canterbury.Default.Construction\R5T.Canterbury.Default.Construction.csproj", "{50422D58-D524-40EC-B407-10DC535FE97C}"
EndProject
Project("{9A19103F-16F7-4668-BE54-9A1E7A4F7556}") = "R5T.Canterbury.Default", "R5T.Canterbury.Default\R5T.Canterbury.Default.csproj", "{A5CD409F-5A0E-4838-A593-23C22B0B2FA1}"
EndProject
Project("{9A19103F-16F7-4668-BE54-9A1E7A4F7556}") = "R5T.Canterbury.Default.Testing", "R5T.Canterbury.Default.Testing\R5T.Canterbury.Default.Testing.csproj", "{E2FD29E7-D46F-4C44-A9E3-D474EC32A38B}"
EndProject
Project("{2150E333-8FDC-42A3-9474-1A3956D46DE8}") = "_Dependencies", "_Dependencies", "{5BFCF5F8-1B57-46BB-9E9B-203224C7B331}"
EndProject
Project("{9A19103F-16F7-4668-BE54-9A1E7A4F7556}") = "R5T.Canterbury.Base", "..\..\R5T.Canterbury.Base\source\R5T.Canterbury.Base\R5T.Canterbury.Base.csproj", "{24FBC0BF-836A-418A-9560-F149FE61C9FF}"
EndProject
Global
	GlobalSection(SolutionConfigurationPlatforms) = preSolution
		Debug|Any CPU = Debug|Any CPU
		Debug|x64 = Debug|x64
		Debug|x86 = Debug|x86
		Release|Any CPU = Release|Any CPU
		Release|x64 = Release|x64
		Release|x86 = Release|x86
	EndGlobalSection
	GlobalSection(ProjectConfigurationPlatforms) = postSolution
		{50422D58-D524-40EC-B407-10DC535FE97C}.Debug|Any CPU.ActiveCfg = Debug|Any CPU
		{50422D58-D524-40EC-B407-10DC535FE97C}.Debug|Any CPU.Build.0 = Debug|Any CPU
		{50422D58-D524-40EC-B407-10DC535FE97C}.Debug|x64.ActiveCfg = Debug|Any CPU
		{50422D58-D524-40EC-B407-10DC535FE97C}.Debug|x64.Build.0 = Debug|Any CPU
		{50422D58-D524-40EC-B407-10DC535FE97C}.Debug|x86.ActiveCfg = Debug|Any CPU
		{50422D58-D524-40EC-B407-10DC535FE97C}.Debug|x86.Build.0 = Debug|Any CPU
		{50422D58-D524-40EC-B407-10DC535FE97C}.Release|Any CPU.ActiveCfg = Release|Any CPU
		{50422D58-D524-40EC-B407-10DC535FE97C}.Release|Any CPU.Build.0 = Release|Any CPU
		{50422D58-D524-40EC-B407-10DC535FE97C}.Release|x64.ActiveCfg = Release|Any CPU
		{50422D58-D524-40EC-B407-10DC535FE97C}.Release|x64.Build.0 = Release|Any CPU
		{50422D58-D524-40EC-B407-10DC535FE97C}.Release|x86.ActiveCfg = Release|Any CPU
		{50422D58-D524-40EC-B407-10DC535FE97C}.Release|x86.Build.0 = Release|Any CPU
		{A5CD409F-5A0E-4838-A593-23C22B0B2FA1}.Debug|Any CPU.ActiveCfg = Debug|Any CPU
		{A5CD409F-5A0E-4838-A593-23C22B0B2FA1}.Debug|Any CPU.Build.0 = Debug|Any CPU
		{A5CD409F-5A0E-4838-A593-23C22B0B2FA1}.Debug|x64.ActiveCfg = Debug|Any CPU
		{A5CD409F-5A0E-4838-A593-23C22B0B2FA1}.Debug|x64.Build.0 = Debug|Any CPU
		{A5CD409F-5A0E-4838-A593-23C22B0B2FA1}.Debug|x86.ActiveCfg = Debug|Any CPU
		{A5CD409F-5A0E-4838-A593-23C22B0B2FA1}.Debug|x86.Build.0 = Debug|Any CPU
		{A5CD409F-5A0E-4838-A593-23C22B0B2FA1}.Release|Any CPU.ActiveCfg = Release|Any CPU
		{A5CD409F-5A0E-4838-A593-23C22B0B2FA1}.Release|Any CPU.Build.0 = Release|Any CPU
		{A5CD409F-5A0E-4838-A593-23C22B0B2FA1}.Release|x64.ActiveCfg = Release|Any CPU
		{A5CD409F-5A0E-4838-A593-23C22B0B2FA1}.Release|x64.Build.0 = Release|Any CPU
		{A5CD409F-5A0E-4838-A593-23C22B0B2FA1}.Release|x86.ActiveCfg = Release|Any CPU
		{A5CD409F-5A0E-4838-A593-23C22B0B2FA1}.Release|x86.Build.0 = Release|Any CPU
		{E2FD29E7-D46F-4C44-A9E3-D474EC32A38B}.Debug|Any CPU.ActiveCfg = Debug|Any CPU
		{E2FD29E7-D46F-4C44-A9E3-D474EC32A38B}.Debug|Any CPU.Build.0 = Debug|Any CPU
		{E2FD29E7-D46F-4C44-A9E3-D474EC32A38B}.Debug|x64.ActiveCfg = Debug|Any CPU
		{E2FD29E7-D46F-4C44-A9E3-D474EC32A38B}.Debug|x64.Build.0 = Debug|Any CPU
		{E2FD29E7-D46F-4C44-A9E3-D474EC32A38B}.Debug|x86.ActiveCfg = Debug|Any CPU
		{E2FD29E7-D46F-4C44-A9E3-D474EC32A38B}.Debug|x86.Build.0 = Debug|Any CPU
		{E2FD29E7-D46F-4C44-A9E3-D474EC32A38B}.Release|Any CPU.ActiveCfg = Release|Any CPU
		{E2FD29E7-D46F-4C44-A9E3-D474EC32A38B}.Release|Any CPU.Build.0 = Release|Any CPU
		{E2FD29E7-D46F-4C44-A9E3-D474EC32A38B}.Release|x64.ActiveCfg = Release|Any CPU
		{E2FD29E7-D46F-4C44-A9E3-D474EC32A38B}.Release|x64.Build.0 = Release|Any CPU
		{E2FD29E7-D46F-4C44-A9E3-D474EC32A38B}.Release|x86.ActiveCfg = Release|Any CPU
		{E2FD29E7-D46F-4C44-A9E3-D474EC32A38B}.Release|x86.Build.0 = Release|Any CPU
		{24FBC0BF-836A-418A-9560-F149FE61C9FF}.Debug|Any CPU.ActiveCfg = Debug|Any CPU
		{24FBC0BF-836A-418A-9560-F149FE61C9FF}.Debug|Any CPU.Build.0 = Debug|Any CPU
		{24FBC0BF-836A-418A-9560-F149FE61C9FF}.Debug|x64.ActiveCfg = Debug|Any CPU
		{24FBC0BF-836A-418A-9560-F149FE61C9FF}.Debug|x64.Build.0 = Debug|Any CPU
		{24FBC0BF-836A-418A-9560-F149FE61C9FF}.Debug|x86.ActiveCfg = Debug|Any CPU
		{24FBC0BF-836A-418A-9560-F149FE61C9FF}.Debug|x86.Build.0 = Debug|Any CPU
		{24FBC0BF-836A-418A-9560-F149FE61C9FF}.Release|Any CPU.ActiveCfg = Release|Any CPU
		{24FBC0BF-836A-418A-9560-F149FE61C9FF}.Release|Any CPU.Build.0 = Release|Any CPU
		{24FBC0BF-836A-418A-9560-F149FE61C9FF}.Release|x64.ActiveCfg = Release|Any CPU
		{24FBC0BF-836A-418A-9560-F149FE61C9FF}.Release|x64.Build.0 = Release|Any CPU
		{24FBC0BF-836A-418A-9560-F149FE61C9FF}.Release|x86.ActiveCfg = Release|Any CPU
		{24FBC0BF-836A-418A-9560-F149FE61C9FF}.Release|x86.Build.0 = Release|Any CPU
	EndGlobalSection
	GlobalSection(SolutionProperties) = preSolution
		HideSolutionNode = FALSE
	EndGlobalSection
	GlobalSection(NestedProjects) = preSolution
		{24FBC0BF-836A-418A-9560-F149FE61C9FF} = {5BFCF5F8-1B57-46BB-9E9B-203224C7B331}
	EndGlobalSection
	GlobalSection(ExtensibilityGlobals) = postSolution
		SolutionGuid = {AE4FEBA3-D0BD-445F-A85D-CC80A3882325}
	EndGlobalSection
EndGlobal
